
Microsoft Visual Studio Solution File, Format Version 12.00
# Visual Studio Version 17
VisualStudioVersion = 17.5.33424.131
MinimumVisualStudioVersion = 10.0.40219.1
Project("{FAE04EC0-301F-11D3-BF4B-00C04F79EFBC}") = "TicTacToeApi", "TicTacToeApi\TicTacToeApi.csproj", "{903ADC27-98F9-439D-A2C7-EEFC2329C60B}"
EndProject
Global
	GlobalSection(SolutionConfigurationPlatforms) = preSolution
		Debug|Any CPU = Debug|Any CPU
		Release|Any CPU = Release|Any CPU
	EndGlobalSection
	GlobalSection(ProjectConfigurationPlatforms) = postSolution
		{903ADC27-98F9-439D-A2C7-EEFC2329C60B}.Debug|Any CPU.ActiveCfg = Debug|Any CPU
		{903ADC27-98F9-439D-A2C7-EEFC2329C60B}.Debug|Any CPU.Build.0 = Debug|Any CPU
		{903ADC27-98F9-439D-A2C7-EEFC2329C60B}.Release|Any CPU.ActiveCfg = Release|Any CPU
		{903ADC27-98F9-439D-A2C7-EEFC2329C60B}.Release|Any CPU.Build.0 = Release|Any CPU
	EndGlobalSection
	GlobalSection(SolutionProperties) = preSolution
		HideSolutionNode = FALSE
	EndGlobalSection
	GlobalSection(ExtensibilityGlobals) = postSolution
		SolutionGuid = {3D6A6D67-2B8A-4144-A65A-455C91BF4671}
	EndGlobalSection
EndGlobal
